
Microsoft Visual Studio Solution File, Format Version 12.00
# Visual Studio Version 17
VisualStudioVersion = 17.6.33829.357
MinimumVisualStudioVersion = 10.0.40219.1
Project("{FAE04EC0-301F-11D3-BF4B-00C04F79EFBC}") = "SuperProjet", "SuperProjet\SuperProjet.csproj", "{3380B4DA-F810-423A-B3CD-E4CC0DBBB8E7}"
EndProject
Global
	GlobalSection(SolutionConfigurationPlatforms) = preSolution
		Debug|Any CPU = Debug|Any CPU
		Release|Any CPU = Release|Any CPU
	EndGlobalSection
	GlobalSection(ProjectConfigurationPlatforms) = postSolution
		{3380B4DA-F810-423A-B3CD-E4CC0DBBB8E7}.Debug|Any CPU.ActiveCfg = Debug|Any CPU
		{3380B4DA-F810-423A-B3CD-E4CC0DBBB8E7}.Debug|Any CPU.Build.0 = Debug|Any CPU
		{3380B4DA-F810-423A-B3CD-E4CC0DBBB8E7}.Release|Any CPU.ActiveCfg = Release|Any CPU
		{3380B4DA-F810-423A-B3CD-E4CC0DBBB8E7}.Release|Any CPU.Build.0 = Release|Any CPU
	EndGlobalSection
	GlobalSection(SolutionProperties) = preSolution
		HideSolutionNode = FALSE
	EndGlobalSection
	GlobalSection(ExtensibilityGlobals) = postSolution
		SolutionGuid = {5A3DD3CE-911A-495D-AEA4-70B9B0FF6F22}
	EndGlobalSection
EndGlobal
